// !$*UTF8*$!
{
	archiveVersion = 1;
	classes = {
	};
	objectVersion = 50;
	objects = {

/* Begin PBXBuildFile section */
		2711D8C2228BC89D001D1157 /* HeaderView.m in Sources */ = {isa = PBXBuildFile; fileRef = 2711D885228BC89C001D1157 /* HeaderView.m */; };
		2711D8C3228BC89D001D1157 /* ChatRoomController.m in Sources */ = {isa = PBXBuildFile; fileRef = 2711D887228BC89C001D1157 /* ChatRoomController.m */; };
		2711D8C4228BC89D001D1157 /* ExtensionView.m in Sources */ = {isa = PBXBuildFile; fileRef = 2711D88A228BC89C001D1157 /* ExtensionView.m */; };
		2711D8C5228BC89D001D1157 /* InputView.m in Sources */ = {isa = PBXBuildFile; fileRef = 2711D88D228BC89C001D1157 /* InputView.m */; };
		2711D8C6228BC89D001D1157 /* InputBarControl.m in Sources */ = {isa = PBXBuildFile; fileRef = 2711D88F228BC89C001D1157 /* InputBarControl.m */; };
		2711D8C7228BC89D001D1157 /* TextMessageCell.m in Sources */ = {isa = PBXBuildFile; fileRef = 2711D898228BC89C001D1157 /* TextMessageCell.m */; };
		2711D8C8228BC89D001D1157 /* TipMessageCell.m in Sources */ = {isa = PBXBuildFile; fileRef = 2711D899228BC89C001D1157 /* TipMessageCell.m */; };
		2711D8C9228BC89D001D1157 /* MessageCell.m in Sources */ = {isa = PBXBuildFile; fileRef = 2711D89A228BC89C001D1157 /* MessageCell.m */; };
		2711D8CA228BC89D001D1157 /* MessageBaseCell.m in Sources */ = {isa = PBXBuildFile; fileRef = 2711D89B228BC89C001D1157 /* MessageBaseCell.m */; };
		2711D8CB228BC89D001D1157 /* MessageDataSource.m in Sources */ = {isa = PBXBuildFile; fileRef = 2711D89C228BC89C001D1157 /* MessageDataSource.m */; };
		2711D8CC228BC89D001D1157 /* MessageHelper.m in Sources */ = {isa = PBXBuildFile; fileRef = 2711D89D228BC89C001D1157 /* MessageHelper.m */; };
		2711D8CD228BC89D001D1157 /* MessageModel.m in Sources */ = {isa = PBXBuildFile; fileRef = 2711D89E228BC89C001D1157 /* MessageModel.m */; };
		2711D8CE228BC89D001D1157 /* ChatAreaView.m in Sources */ = {isa = PBXBuildFile; fileRef = 2711D8A2228BC89C001D1157 /* ChatAreaView.m */; };
		2711D8CF228BC89D001D1157 /* NaviView.m in Sources */ = {isa = PBXBuildFile; fileRef = 2711D8A4228BC89C001D1157 /* NaviView.m */; };
		2711D8D0228BC89D001D1157 /* MemberCell.m in Sources */ = {isa = PBXBuildFile; fileRef = 2711D8A8228BC89C001D1157 /* MemberCell.m */; };
		2711D8D1228BC89D001D1157 /* MemberListView.m in Sources */ = {isa = PBXBuildFile; fileRef = 2711D8A9228BC89C001D1157 /* MemberListView.m */; };
		2711D8D2228BC89D001D1157 /* AnimationView.m in Sources */ = {isa = PBXBuildFile; fileRef = 2711D8AA228BC89C001D1157 /* AnimationView.m */; };
		2711D8D3228BC89D001D1157 /* SeatItemCell.m in Sources */ = {isa = PBXBuildFile; fileRef = 2711D8AC228BC89C001D1157 /* SeatItemCell.m */; };
		2711D8D4228BC89D001D1157 /* MicSeatView.m in Sources */ = {isa = PBXBuildFile; fileRef = 2711D8AF228BC89C001D1157 /* MicSeatView.m */; };
		2711D8D5228BC89D001D1157 /* LoginHelper.m in Sources */ = {isa = PBXBuildFile; fileRef = 2711D8B2228BC89C001D1157 /* LoginHelper.m */; };
		2711D8D6228BC89D001D1157 /* ChatRoomListViewController.m in Sources */ = {isa = PBXBuildFile; fileRef = 2711D8B3228BC89C001D1157 /* ChatRoomListViewController.m */; };
		2711D8D7228BC89D001D1157 /* ChatRoomListItem.m in Sources */ = {isa = PBXBuildFile; fileRef = 2711D8B6228BC89C001D1157 /* ChatRoomListItem.m */; };
		2711D8D8228BC89D001D1157 /* CreateRoomView.m in Sources */ = {isa = PBXBuildFile; fileRef = 2711D8B7228BC89C001D1157 /* CreateRoomView.m */; };
		2711D8D9228BC89D001D1157 /* BackgroudItem.m in Sources */ = {isa = PBXBuildFile; fileRef = 2711D8BF228BC89C001D1157 /* BackgroudItem.m */; };
		2711D8DA228BC89D001D1157 /* SettingView.m in Sources */ = {isa = PBXBuildFile; fileRef = 2711D8C0228BC89C001D1157 /* SettingView.m */; };
		2711D8DB228BC89D001D1157 /* ChangeBgViewController.m in Sources */ = {isa = PBXBuildFile; fileRef = 2711D8C1228BC89C001D1157 /* ChangeBgViewController.m */; };
		2731BFC62282770000702335 /* HTTPUtility.m in Sources */ = {isa = PBXBuildFile; fileRef = 2731BFC22282770000702335 /* HTTPUtility.m */; };
		2731BFC72282770000702335 /* HTTPResult.m in Sources */ = {isa = PBXBuildFile; fileRef = 2731BFC32282770000702335 /* HTTPResult.m */; };
		2731BFCD2282792D00702335 /* ClassroomService.m in Sources */ = {isa = PBXBuildFile; fileRef = 2731BFCC2282792D00702335 /* ClassroomService.m */; };
		2731BFDE22828FDD00702335 /* RoomBackgroundNotifyMessage.m in Sources */ = {isa = PBXBuildFile; fileRef = 2731BFD622828FDD00702335 /* RoomBackgroundNotifyMessage.m */; };
		2731BFDF22828FDD00702335 /* MicPositionControlMessage.m in Sources */ = {isa = PBXBuildFile; fileRef = 2731BFD722828FDD00702335 /* MicPositionControlMessage.m */; };
		2731BFE022828FDD00702335 /* MicPositionChangeMessage.m in Sources */ = {isa = PBXBuildFile; fileRef = 2731BFDA22828FDD00702335 /* MicPositionChangeMessage.m */; };
		2731BFE122828FDD00702335 /* RoomMemberChangedMessage.m in Sources */ = {isa = PBXBuildFile; fileRef = 2731BFDD22828FDD00702335 /* RoomMemberChangedMessage.m */; };
		2731BFEA22828FF800702335 /* UserInfo.m in Sources */ = {isa = PBXBuildFile; fileRef = 2731BFE522828FF800702335 /* UserInfo.m */; };
		2731BFEB22828FF800702335 /* RoomInfo.m in Sources */ = {isa = PBXBuildFile; fileRef = 2731BFE622828FF800702335 /* RoomInfo.m */; };
		2731BFEC22828FF800702335 /* MicPositionInfo.m in Sources */ = {isa = PBXBuildFile; fileRef = 2731BFE722828FF800702335 /* MicPositionInfo.m */; };
		2731BFEF2282909C00702335 /* IMService.m in Sources */ = {isa = PBXBuildFile; fileRef = 2731BFED2282909C00702335 /* IMService.m */; };
		2731BFF22282B5D600702335 /* RTCService.m in Sources */ = {isa = PBXBuildFile; fileRef = 2731BFF12282B5D600702335 /* RTCService.m */; };
		2744B5E62282D455007B8F3A /* RandomUtil.m in Sources */ = {isa = PBXBuildFile; fileRef = 2744B5E42282D454007B8F3A /* RandomUtil.m */; };
		2744B5EA2282D73E007B8F3A /* RandomData.plist in Resources */ = {isa = PBXBuildFile; fileRef = 2744B5E92282D73E007B8F3A /* RandomData.plist */; };
		277E30D322815B3F00BC4073 /* AppDelegate.m in Sources */ = {isa = PBXBuildFile; fileRef = 277E30D222815B3F00BC4073 /* AppDelegate.m */; };
		277E30DB22815B4200BC4073 /* Assets.xcassets in Resources */ = {isa = PBXBuildFile; fileRef = 277E30DA22815B4200BC4073 /* Assets.xcassets */; };
		277E30DE22815B4200BC4073 /* LaunchScreen.storyboard in Resources */ = {isa = PBXBuildFile; fileRef = 277E30DC22815B4200BC4073 /* LaunchScreen.storyboard */; };
		277E30E122815B4200BC4073 /* main.m in Sources */ = {isa = PBXBuildFile; fileRef = 277E30E022815B4200BC4073 /* main.m */; };
		A2722C922282A95600970A05 /* RoomActiveMessage.m in Sources */ = {isa = PBXBuildFile; fileRef = A2722C912282A95600970A05 /* RoomActiveMessage.m */; };
		A2722C952282A9B400970A05 /* RoomDestroyMessage.m in Sources */ = {isa = PBXBuildFile; fileRef = A2722C942282A9B400970A05 /* RoomDestroyMessage.m */; };
		A2722CDE2284275E00970A05 /* UIView+MBProgressHUD.m in Sources */ = {isa = PBXBuildFile; fileRef = A2722CDD2284275E00970A05 /* UIView+MBProgressHUD.m */; };
		A2B28C1722818B340028F0AD /* SealMic.strings in Resources */ = {isa = PBXBuildFile; fileRef = A2B28C1922818B340028F0AD /* SealMic.strings */; };
		A2B28C22228191D30028F0AD /* UIColor+RCColor.m in Sources */ = {isa = PBXBuildFile; fileRef = A2B28C20228191D30028F0AD /* UIColor+RCColor.m */; };
		FF129E115436867C27A52D77 /* Pods_SealMic.framework in Frameworks */ = {isa = PBXBuildFile; fileRef = FC287ACDF35EAD5AFD8EEEB7 /* Pods_SealMic.framework */; };
/* End PBXBuildFile section */

/* Begin PBXFileReference section */
		25949933A02A0B81A710E92A /* Pods-SealMic.release.xcconfig */ = {isa = PBXFileReference; includeInIndex = 1; lastKnownFileType = text.xcconfig; name = "Pods-SealMic.release.xcconfig"; path = "Target Support Files/Pods-SealMic/Pods-SealMic.release.xcconfig"; sourceTree = "<group>"; };
		2711D883228BC89C001D1157 /* ChatRoomController.h */ = {isa = PBXFileReference; fileEncoding = 4; lastKnownFileType = sourcecode.c.h; path = ChatRoomController.h; sourceTree = "<group>"; };
		2711D885228BC89C001D1157 /* HeaderView.m */ = {isa = PBXFileReference; fileEncoding = 4; lastKnownFileType = sourcecode.c.objc; path = HeaderView.m; sourceTree = "<group>"; };
		2711D886228BC89C001D1157 /* HeaderView.h */ = {isa = PBXFileReference; fileEncoding = 4; lastKnownFileType = sourcecode.c.h; path = HeaderView.h; sourceTree = "<group>"; };
		2711D887228BC89C001D1157 /* ChatRoomController.m */ = {isa = PBXFileReference; fileEncoding = 4; lastKnownFileType = sourcecode.c.objc; path = ChatRoomController.m; sourceTree = "<group>"; };
		2711D88A228BC89C001D1157 /* ExtensionView.m */ = {isa = PBXFileReference; fileEncoding = 4; lastKnownFileType = sourcecode.c.objc; path = ExtensionView.m; sourceTree = "<group>"; };
		2711D88C228BC89C001D1157 /* InputBarControl.h */ = {isa = PBXFileReference; fileEncoding = 4; lastKnownFileType = sourcecode.c.h; path = InputBarControl.h; sourceTree = "<group>"; };
		2711D88D228BC89C001D1157 /* InputView.m */ = {isa = PBXFileReference; fileEncoding = 4; lastKnownFileType = sourcecode.c.objc; path = InputView.m; sourceTree = "<group>"; };
		2711D88E228BC89C001D1157 /* InputView.h */ = {isa = PBXFileReference; fileEncoding = 4; lastKnownFileType = sourcecode.c.h; path = InputView.h; sourceTree = "<group>"; };
		2711D88F228BC89C001D1157 /* InputBarControl.m */ = {isa = PBXFileReference; fileEncoding = 4; lastKnownFileType = sourcecode.c.objc; path = InputBarControl.m; sourceTree = "<group>"; };
		2711D890228BC89C001D1157 /* ChatAreaView.h */ = {isa = PBXFileReference; fileEncoding = 4; lastKnownFileType = sourcecode.c.h; path = ChatAreaView.h; sourceTree = "<group>"; };
		2711D891228BC89C001D1157 /* ExtensionView.h */ = {isa = PBXFileReference; fileEncoding = 4; lastKnownFileType = sourcecode.c.h; path = ExtensionView.h; sourceTree = "<group>"; };
		2711D894228BC89C001D1157 /* TextMessageCell.h */ = {isa = PBXFileReference; fileEncoding = 4; lastKnownFileType = sourcecode.c.h; path = TextMessageCell.h; sourceTree = "<group>"; };
		2711D895228BC89C001D1157 /* TipMessageCell.h */ = {isa = PBXFileReference; fileEncoding = 4; lastKnownFileType = sourcecode.c.h; path = TipMessageCell.h; sourceTree = "<group>"; };
		2711D896228BC89C001D1157 /* MessageBaseCell.h */ = {isa = PBXFileReference; fileEncoding = 4; lastKnownFileType = sourcecode.c.h; path = MessageBaseCell.h; sourceTree = "<group>"; };
		2711D897228BC89C001D1157 /* MessageCell.h */ = {isa = PBXFileReference; fileEncoding = 4; lastKnownFileType = sourcecode.c.h; path = MessageCell.h; sourceTree = "<group>"; };
		2711D898228BC89C001D1157 /* TextMessageCell.m */ = {isa = PBXFileReference; fileEncoding = 4; lastKnownFileType = sourcecode.c.objc; path = TextMessageCell.m; sourceTree = "<group>"; };
		2711D899228BC89C001D1157 /* TipMessageCell.m */ = {isa = PBXFileReference; fileEncoding = 4; lastKnownFileType = sourcecode.c.objc; path = TipMessageCell.m; sourceTree = "<group>"; };
		2711D89A228BC89C001D1157 /* MessageCell.m */ = {isa = PBXFileReference; fileEncoding = 4; lastKnownFileType = sourcecode.c.objc; path = MessageCell.m; sourceTree = "<group>"; };
		2711D89B228BC89C001D1157 /* MessageBaseCell.m */ = {isa = PBXFileReference; fileEncoding = 4; lastKnownFileType = sourcecode.c.objc; path = MessageBaseCell.m; sourceTree = "<group>"; };
		2711D89C228BC89C001D1157 /* MessageDataSource.m */ = {isa = PBXFileReference; fileEncoding = 4; lastKnownFileType = sourcecode.c.objc; path = MessageDataSource.m; sourceTree = "<group>"; };
		2711D89D228BC89C001D1157 /* MessageHelper.m */ = {isa = PBXFileReference; fileEncoding = 4; lastKnownFileType = sourcecode.c.objc; path = MessageHelper.m; sourceTree = "<group>"; };
		2711D89E228BC89C001D1157 /* MessageModel.m */ = {isa = PBXFileReference; fileEncoding = 4; lastKnownFileType = sourcecode.c.objc; path = MessageModel.m; sourceTree = "<group>"; };
		2711D89F228BC89C001D1157 /* MessageHelper.h */ = {isa = PBXFileReference; fileEncoding = 4; lastKnownFileType = sourcecode.c.h; path = MessageHelper.h; sourceTree = "<group>"; };
		2711D8A0228BC89C001D1157 /* MessageDataSource.h */ = {isa = PBXFileReference; fileEncoding = 4; lastKnownFileType = sourcecode.c.h; path = MessageDataSource.h; sourceTree = "<group>"; };
		2711D8A1228BC89C001D1157 /* MessageModel.h */ = {isa = PBXFileReference; fileEncoding = 4; lastKnownFileType = sourcecode.c.h; path = MessageModel.h; sourceTree = "<group>"; };
		2711D8A2228BC89C001D1157 /* ChatAreaView.m */ = {isa = PBXFileReference; fileEncoding = 4; lastKnownFileType = sourcecode.c.objc; path = ChatAreaView.m; sourceTree = "<group>"; };
		2711D8A3228BC89C001D1157 /* AnimationView.h */ = {isa = PBXFileReference; fileEncoding = 4; lastKnownFileType = sourcecode.c.h; path = AnimationView.h; sourceTree = "<group>"; };
		2711D8A4228BC89C001D1157 /* NaviView.m */ = {isa = PBXFileReference; fileEncoding = 4; lastKnownFileType = sourcecode.c.objc; path = NaviView.m; sourceTree = "<group>"; };
		2711D8A6228BC89C001D1157 /* MemberCell.h */ = {isa = PBXFileReference; fileEncoding = 4; lastKnownFileType = sourcecode.c.h; path = MemberCell.h; sourceTree = "<group>"; };
		2711D8A7228BC89C001D1157 /* MemberListView.h */ = {isa = PBXFileReference; fileEncoding = 4; lastKnownFileType = sourcecode.c.h; path = MemberListView.h; sourceTree = "<group>"; };
		2711D8A8228BC89C001D1157 /* MemberCell.m */ = {isa = PBXFileReference; fileEncoding = 4; lastKnownFileType = sourcecode.c.objc; path = MemberCell.m; sourceTree = "<group>"; };
		2711D8A9228BC89C001D1157 /* MemberListView.m */ = {isa = PBXFileReference; fileEncoding = 4; lastKnownFileType = sourcecode.c.objc; path = MemberListView.m; sourceTree = "<group>"; };
		2711D8AA228BC89C001D1157 /* AnimationView.m */ = {isa = PBXFileReference; fileEncoding = 4; lastKnownFileType = sourcecode.c.objc; path = AnimationView.m; sourceTree = "<group>"; };
		2711D8AC228BC89C001D1157 /* SeatItemCell.m */ = {isa = PBXFileReference; fileEncoding = 4; lastKnownFileType = sourcecode.c.objc; path = SeatItemCell.m; sourceTree = "<group>"; };
		2711D8AD228BC89C001D1157 /* MicSeatView.h */ = {isa = PBXFileReference; fileEncoding = 4; lastKnownFileType = sourcecode.c.h; path = MicSeatView.h; sourceTree = "<group>"; };
		2711D8AE228BC89C001D1157 /* SeatItemCell.h */ = {isa = PBXFileReference; fileEncoding = 4; lastKnownFileType = sourcecode.c.h; path = SeatItemCell.h; sourceTree = "<group>"; };
		2711D8AF228BC89C001D1157 /* MicSeatView.m */ = {isa = PBXFileReference; fileEncoding = 4; lastKnownFileType = sourcecode.c.objc; path = MicSeatView.m; sourceTree = "<group>"; };
		2711D8B0228BC89C001D1157 /* NaviView.h */ = {isa = PBXFileReference; fileEncoding = 4; lastKnownFileType = sourcecode.c.h; path = NaviView.h; sourceTree = "<group>"; };
		2711D8B2228BC89C001D1157 /* LoginHelper.m */ = {isa = PBXFileReference; fileEncoding = 4; lastKnownFileType = sourcecode.c.objc; path = LoginHelper.m; sourceTree = "<group>"; };
		2711D8B3228BC89C001D1157 /* ChatRoomListViewController.m */ = {isa = PBXFileReference; fileEncoding = 4; lastKnownFileType = sourcecode.c.objc; path = ChatRoomListViewController.m; sourceTree = "<group>"; };
		2711D8B5228BC89C001D1157 /* CreateRoomView.h */ = {isa = PBXFileReference; fileEncoding = 4; lastKnownFileType = sourcecode.c.h; path = CreateRoomView.h; sourceTree = "<group>"; };
		2711D8B6228BC89C001D1157 /* ChatRoomListItem.m */ = {isa = PBXFileReference; fileEncoding = 4; lastKnownFileType = sourcecode.c.objc; path = ChatRoomListItem.m; sourceTree = "<group>"; };
		2711D8B7228BC89C001D1157 /* CreateRoomView.m */ = {isa = PBXFileReference; fileEncoding = 4; lastKnownFileType = sourcecode.c.objc; path = CreateRoomView.m; sourceTree = "<group>"; };
		2711D8B8228BC89C001D1157 /* ChatRoomListItem.h */ = {isa = PBXFileReference; fileEncoding = 4; lastKnownFileType = sourcecode.c.h; path = ChatRoomListItem.h; sourceTree = "<group>"; };
		2711D8B9228BC89C001D1157 /* ChatRoomListViewController.h */ = {isa = PBXFileReference; fileEncoding = 4; lastKnownFileType = sourcecode.c.h; path = ChatRoomListViewController.h; sourceTree = "<group>"; };
		2711D8BA228BC89C001D1157 /* LoginHelper.h */ = {isa = PBXFileReference; fileEncoding = 4; lastKnownFileType = sourcecode.c.h; path = LoginHelper.h; sourceTree = "<group>"; };
		2711D8BC228BC89C001D1157 /* BackgroudItem.h */ = {isa = PBXFileReference; fileEncoding = 4; lastKnownFileType = sourcecode.c.h; path = BackgroudItem.h; sourceTree = "<group>"; };
		2711D8BD228BC89C001D1157 /* SettingView.h */ = {isa = PBXFileReference; fileEncoding = 4; lastKnownFileType = sourcecode.c.h; path = SettingView.h; sourceTree = "<group>"; };
		2711D8BE228BC89C001D1157 /* ChangeBgViewController.h */ = {isa = PBXFileReference; fileEncoding = 4; lastKnownFileType = sourcecode.c.h; path = ChangeBgViewController.h; sourceTree = "<group>"; };
		2711D8BF228BC89C001D1157 /* BackgroudItem.m */ = {isa = PBXFileReference; fileEncoding = 4; lastKnownFileType = sourcecode.c.objc; path = BackgroudItem.m; sourceTree = "<group>"; };
		2711D8C0228BC89C001D1157 /* SettingView.m */ = {isa = PBXFileReference; fileEncoding = 4; lastKnownFileType = sourcecode.c.objc; path = SettingView.m; sourceTree = "<group>"; };
		2711D8C1228BC89C001D1157 /* ChangeBgViewController.m */ = {isa = PBXFileReference; fileEncoding = 4; lastKnownFileType = sourcecode.c.objc; path = ChangeBgViewController.m; sourceTree = "<group>"; };
		2731BFC22282770000702335 /* HTTPUtility.m */ = {isa = PBXFileReference; fileEncoding = 4; lastKnownFileType = sourcecode.c.objc; path = HTTPUtility.m; sourceTree = "<group>"; };
		2731BFC32282770000702335 /* HTTPResult.m */ = {isa = PBXFileReference; fileEncoding = 4; lastKnownFileType = sourcecode.c.objc; path = HTTPResult.m; sourceTree = "<group>"; };
		2731BFC42282770000702335 /* HTTPUtility.h */ = {isa = PBXFileReference; fileEncoding = 4; lastKnownFileType = sourcecode.c.h; path = HTTPUtility.h; sourceTree = "<group>"; };
		2731BFC52282770000702335 /* HTTPResult.h */ = {isa = PBXFileReference; fileEncoding = 4; lastKnownFileType = sourcecode.c.h; path = HTTPResult.h; sourceTree = "<group>"; };
		2731BFCB2282792D00702335 /* ClassroomService.h */ = {isa = PBXFileReference; lastKnownFileType = sourcecode.c.h; path = ClassroomService.h; sourceTree = "<group>"; };
		2731BFCC2282792D00702335 /* ClassroomService.m */ = {isa = PBXFileReference; lastKnownFileType = sourcecode.c.objc; path = ClassroomService.m; sourceTree = "<group>"; };
		2731BFCE22827A0E00702335 /* ErrorCode.h */ = {isa = PBXFileReference; fileEncoding = 4; lastKnownFileType = sourcecode.c.h; path = ErrorCode.h; sourceTree = "<group>"; };
		2731BFD622828FDD00702335 /* RoomBackgroundNotifyMessage.m */ = {isa = PBXFileReference; fileEncoding = 4; lastKnownFileType = sourcecode.c.objc; path = RoomBackgroundNotifyMessage.m; sourceTree = "<group>"; };
		2731BFD722828FDD00702335 /* MicPositionControlMessage.m */ = {isa = PBXFileReference; fileEncoding = 4; lastKnownFileType = sourcecode.c.objc; path = MicPositionControlMessage.m; sourceTree = "<group>"; };
		2731BFD822828FDD00702335 /* MicPositionChangeMessage.h */ = {isa = PBXFileReference; fileEncoding = 4; lastKnownFileType = sourcecode.c.h; path = MicPositionChangeMessage.h; sourceTree = "<group>"; };
		2731BFD922828FDD00702335 /* RoomMemberChangedMessage.h */ = {isa = PBXFileReference; fileEncoding = 4; lastKnownFileType = sourcecode.c.h; path = RoomMemberChangedMessage.h; sourceTree = "<group>"; };
		2731BFDA22828FDD00702335 /* MicPositionChangeMessage.m */ = {isa = PBXFileReference; fileEncoding = 4; lastKnownFileType = sourcecode.c.objc; path = MicPositionChangeMessage.m; sourceTree = "<group>"; };
		2731BFDB22828FDD00702335 /* MicPositionControlMessage.h */ = {isa = PBXFileReference; fileEncoding = 4; lastKnownFileType = sourcecode.c.h; path = MicPositionControlMessage.h; sourceTree = "<group>"; };
		2731BFDC22828FDD00702335 /* RoomBackgroundNotifyMessage.h */ = {isa = PBXFileReference; fileEncoding = 4; lastKnownFileType = sourcecode.c.h; path = RoomBackgroundNotifyMessage.h; sourceTree = "<group>"; };
		2731BFDD22828FDD00702335 /* RoomMemberChangedMessage.m */ = {isa = PBXFileReference; fileEncoding = 4; lastKnownFileType = sourcecode.c.objc; path = RoomMemberChangedMessage.m; sourceTree = "<group>"; };
		2731BFE322828FF800702335 /* MicPositionInfo.h */ = {isa = PBXFileReference; fileEncoding = 4; lastKnownFileType = sourcecode.c.h; path = MicPositionInfo.h; sourceTree = "<group>"; };
		2731BFE422828FF800702335 /* MicDefine.h */ = {isa = PBXFileReference; fileEncoding = 4; lastKnownFileType = sourcecode.c.h; path = MicDefine.h; sourceTree = "<group>"; };
		2731BFE522828FF800702335 /* UserInfo.m */ = {isa = PBXFileReference; fileEncoding = 4; lastKnownFileType = sourcecode.c.objc; path = UserInfo.m; sourceTree = "<group>"; };
		2731BFE622828FF800702335 /* RoomInfo.m */ = {isa = PBXFileReference; fileEncoding = 4; lastKnownFileType = sourcecode.c.objc; path = RoomInfo.m; sourceTree = "<group>"; };
		2731BFE722828FF800702335 /* MicPositionInfo.m */ = {isa = PBXFileReference; fileEncoding = 4; lastKnownFileType = sourcecode.c.objc; path = MicPositionInfo.m; sourceTree = "<group>"; };
		2731BFE822828FF800702335 /* RoomInfo.h */ = {isa = PBXFileReference; fileEncoding = 4; lastKnownFileType = sourcecode.c.h; path = RoomInfo.h; sourceTree = "<group>"; };
		2731BFE922828FF800702335 /* UserInfo.h */ = {isa = PBXFileReference; fileEncoding = 4; lastKnownFileType = sourcecode.c.h; path = UserInfo.h; sourceTree = "<group>"; };
		2731BFED2282909C00702335 /* IMService.m */ = {isa = PBXFileReference; fileEncoding = 4; lastKnownFileType = sourcecode.c.objc; path = IMService.m; sourceTree = "<group>"; };
		2731BFEE2282909C00702335 /* IMService.h */ = {isa = PBXFileReference; fileEncoding = 4; lastKnownFileType = sourcecode.c.h; path = IMService.h; sourceTree = "<group>"; };
		2731BFF02282B5D600702335 /* RTCService.h */ = {isa = PBXFileReference; lastKnownFileType = sourcecode.c.h; path = RTCService.h; sourceTree = "<group>"; };
		2731BFF12282B5D600702335 /* RTCService.m */ = {isa = PBXFileReference; lastKnownFileType = sourcecode.c.objc; path = RTCService.m; sourceTree = "<group>"; };
		2744B5E42282D454007B8F3A /* RandomUtil.m */ = {isa = PBXFileReference; fileEncoding = 4; lastKnownFileType = sourcecode.c.objc; path = RandomUtil.m; sourceTree = "<group>"; };
		2744B5E52282D454007B8F3A /* RandomUtil.h */ = {isa = PBXFileReference; fileEncoding = 4; lastKnownFileType = sourcecode.c.h; path = RandomUtil.h; sourceTree = "<group>"; };
		2744B5E92282D73E007B8F3A /* RandomData.plist */ = {isa = PBXFileReference; lastKnownFileType = text.plist.xml; path = RandomData.plist; sourceTree = "<group>"; };
		277E30CE22815B3F00BC4073 /* SealMic.app */ = {isa = PBXFileReference; explicitFileType = wrapper.application; includeInIndex = 0; path = SealMic.app; sourceTree = BUILT_PRODUCTS_DIR; };
		277E30D122815B3F00BC4073 /* AppDelegate.h */ = {isa = PBXFileReference; lastKnownFileType = sourcecode.c.h; path = AppDelegate.h; sourceTree = "<group>"; };
		277E30D222815B3F00BC4073 /* AppDelegate.m */ = {isa = PBXFileReference; lastKnownFileType = sourcecode.c.objc; path = AppDelegate.m; sourceTree = "<group>"; };
		277E30DA22815B4200BC4073 /* Assets.xcassets */ = {isa = PBXFileReference; lastKnownFileType = folder.assetcatalog; path = Assets.xcassets; sourceTree = "<group>"; };
		277E30DD22815B4200BC4073 /* Base */ = {isa = PBXFileReference; lastKnownFileType = file.storyboard; name = Base; path = Base.lproj/LaunchScreen.storyboard; sourceTree = "<group>"; };
		277E30DF22815B4200BC4073 /* Info.plist */ = {isa = PBXFileReference; lastKnownFileType = text.plist.xml; path = Info.plist; sourceTree = "<group>"; };
		277E30E022815B4200BC4073 /* main.m */ = {isa = PBXFileReference; lastKnownFileType = sourcecode.c.objc; path = main.m; sourceTree = "<group>"; };
		66492307BC6C578136A686FA /* Pods-SealMic.debug.xcconfig */ = {isa = PBXFileReference; includeInIndex = 1; lastKnownFileType = text.xcconfig; name = "Pods-SealMic.debug.xcconfig"; path = "Target Support Files/Pods-SealMic/Pods-SealMic.debug.xcconfig"; sourceTree = "<group>"; };
		A2722C902282A95600970A05 /* RoomActiveMessage.h */ = {isa = PBXFileReference; lastKnownFileType = sourcecode.c.h; path = RoomActiveMessage.h; sourceTree = "<group>"; };
		A2722C912282A95600970A05 /* RoomActiveMessage.m */ = {isa = PBXFileReference; lastKnownFileType = sourcecode.c.objc; path = RoomActiveMessage.m; sourceTree = "<group>"; };
		A2722C932282A9B400970A05 /* RoomDestroyMessage.h */ = {isa = PBXFileReference; lastKnownFileType = sourcecode.c.h; path = RoomDestroyMessage.h; sourceTree = "<group>"; };
		A2722C942282A9B400970A05 /* RoomDestroyMessage.m */ = {isa = PBXFileReference; lastKnownFileType = sourcecode.c.objc; path = RoomDestroyMessage.m; sourceTree = "<group>"; };
		A2722CDC2284275E00970A05 /* UIView+MBProgressHUD.h */ = {isa = PBXFileReference; fileEncoding = 4; lastKnownFileType = sourcecode.c.h; path = "UIView+MBProgressHUD.h"; sourceTree = "<group>"; };
		A2722CDD2284275E00970A05 /* UIView+MBProgressHUD.m */ = {isa = PBXFileReference; fileEncoding = 4; lastKnownFileType = sourcecode.c.objc; path = "UIView+MBProgressHUD.m"; sourceTree = "<group>"; };
		A2B28C1422818AFD0028F0AD /* zh-Hans */ = {isa = PBXFileReference; lastKnownFileType = text.plist.strings; name = "zh-Hans"; path = "zh-Hans.lproj/LaunchScreen.strings"; sourceTree = "<group>"; };
		A2B28C1822818B340028F0AD /* zh-Hans */ = {isa = PBXFileReference; lastKnownFileType = text.plist.strings; name = "zh-Hans"; path = "zh-Hans.lproj/SealMic.strings"; sourceTree = "<group>"; };
		A2B28C1A22818B380028F0AD /* en */ = {isa = PBXFileReference; lastKnownFileType = text.plist.strings; name = en; path = en.lproj/SealMic.strings; sourceTree = "<group>"; };
		A2B28C1B22818B800028F0AD /* Macro.h */ = {isa = PBXFileReference; fileEncoding = 4; lastKnownFileType = sourcecode.c.h; path = Macro.h; sourceTree = "<group>"; };
		A2B28C1F228191B10028F0AD /* SealPCH.pch */ = {isa = PBXFileReference; lastKnownFileType = sourcecode.c.h; path = SealPCH.pch; sourceTree = "<group>"; };
		A2B28C20228191D30028F0AD /* UIColor+RCColor.m */ = {isa = PBXFileReference; fileEncoding = 4; lastKnownFileType = sourcecode.c.objc; path = "UIColor+RCColor.m"; sourceTree = "<group>"; };
		A2B28C21228191D30028F0AD /* UIColor+RCColor.h */ = {isa = PBXFileReference; fileEncoding = 4; lastKnownFileType = sourcecode.c.h; path = "UIColor+RCColor.h"; sourceTree = "<group>"; };
		FC287ACDF35EAD5AFD8EEEB7 /* Pods_SealMic.framework */ = {isa = PBXFileReference; explicitFileType = wrapper.framework; includeInIndex = 0; path = Pods_SealMic.framework; sourceTree = BUILT_PRODUCTS_DIR; };
/* End PBXFileReference section */

/* Begin PBXFrameworksBuildPhase section */
		277E30CB22815B3F00BC4073 /* Frameworks */ = {
			isa = PBXFrameworksBuildPhase;
			buildActionMask = 2147483647;
			files = (
				FF129E115436867C27A52D77 /* Pods_SealMic.framework in Frameworks */,
			);
			runOnlyForDeploymentPostprocessing = 0;
		};
/* End PBXFrameworksBuildPhase section */

/* Begin PBXGroup section */
		2711D881228BC89C001D1157 /* Sections */ = {
			isa = PBXGroup;
			children = (
				2711D882228BC89C001D1157 /* ChatRoom */,
				2711D8B1228BC89C001D1157 /* ChatRoomList */,
				2711D8BB228BC89C001D1157 /* Setting */,
			);
			path = Sections;
			sourceTree = "<group>";
		};
		2711D882228BC89C001D1157 /* ChatRoom */ = {
			isa = PBXGroup;
			children = (
				2711D883228BC89C001D1157 /* ChatRoomController.h */,
				2711D887228BC89C001D1157 /* ChatRoomController.m */,
				2711D884228BC89C001D1157 /* HeaderView */,
				2711D888228BC89C001D1157 /* View */,
			);
			path = ChatRoom;
			sourceTree = "<group>";
		};
		2711D884228BC89C001D1157 /* HeaderView */ = {
			isa = PBXGroup;
			children = (
				2711D886228BC89C001D1157 /* HeaderView.h */,
				2711D885228BC89C001D1157 /* HeaderView.m */,
			);
			path = HeaderView;
			sourceTree = "<group>";
		};
		2711D888228BC89C001D1157 /* View */ = {
			isa = PBXGroup;
			children = (
				2711D8A3228BC89C001D1157 /* AnimationView.h */,
				2711D8AA228BC89C001D1157 /* AnimationView.m */,
				2711D8B0228BC89C001D1157 /* NaviView.h */,
				2711D8A4228BC89C001D1157 /* NaviView.m */,
				2711D889228BC89C001D1157 /* ChatView */,
				2711D8A5228BC89C001D1157 /* MemberList */,
				2711D8AB228BC89C001D1157 /* MicSeatView */,
			);
			path = View;
			sourceTree = "<group>";
		};
		2711D889228BC89C001D1157 /* ChatView */ = {
			isa = PBXGroup;
			children = (
				2711D891228BC89C001D1157 /* ExtensionView.h */,
				2711D88A228BC89C001D1157 /* ExtensionView.m */,
				2711D890228BC89C001D1157 /* ChatAreaView.h */,
				2711D8A2228BC89C001D1157 /* ChatAreaView.m */,
				2711D88B228BC89C001D1157 /* Inputbar */,
				2711D892228BC89C001D1157 /* MessageManager */,
			);
			path = ChatView;
			sourceTree = "<group>";
		};
		2711D88B228BC89C001D1157 /* Inputbar */ = {
			isa = PBXGroup;
			children = (
				2711D88C228BC89C001D1157 /* InputBarControl.h */,
				2711D88F228BC89C001D1157 /* InputBarControl.m */,
				2711D88E228BC89C001D1157 /* InputView.h */,
				2711D88D228BC89C001D1157 /* InputView.m */,
			);
			path = Inputbar;
			sourceTree = "<group>";
		};
		2711D892228BC89C001D1157 /* MessageManager */ = {
			isa = PBXGroup;
			children = (
				2711D8A0228BC89C001D1157 /* MessageDataSource.h */,
				2711D89C228BC89C001D1157 /* MessageDataSource.m */,
				2711D89F228BC89C001D1157 /* MessageHelper.h */,
				2711D89D228BC89C001D1157 /* MessageHelper.m */,
				2711D8A1228BC89C001D1157 /* MessageModel.h */,
				2711D89E228BC89C001D1157 /* MessageModel.m */,
				2711D893228BC89C001D1157 /* MessageCell */,
			);
			path = MessageManager;
			sourceTree = "<group>";
		};
		2711D893228BC89C001D1157 /* MessageCell */ = {
			isa = PBXGroup;
			children = (
				2711D894228BC89C001D1157 /* TextMessageCell.h */,
				2711D898228BC89C001D1157 /* TextMessageCell.m */,
				2711D895228BC89C001D1157 /* TipMessageCell.h */,
				2711D899228BC89C001D1157 /* TipMessageCell.m */,
				2711D896228BC89C001D1157 /* MessageBaseCell.h */,
				2711D89B228BC89C001D1157 /* MessageBaseCell.m */,
				2711D897228BC89C001D1157 /* MessageCell.h */,
				2711D89A228BC89C001D1157 /* MessageCell.m */,
			);
			path = MessageCell;
			sourceTree = "<group>";
		};
		2711D8A5228BC89C001D1157 /* MemberList */ = {
			isa = PBXGroup;
			children = (
				2711D8A6228BC89C001D1157 /* MemberCell.h */,
				2711D8A8228BC89C001D1157 /* MemberCell.m */,
				2711D8A7228BC89C001D1157 /* MemberListView.h */,
				2711D8A9228BC89C001D1157 /* MemberListView.m */,
			);
			path = MemberList;
			sourceTree = "<group>";
		};
		2711D8AB228BC89C001D1157 /* MicSeatView */ = {
			isa = PBXGroup;
			children = (
				2711D8AE228BC89C001D1157 /* SeatItemCell.h */,
				2711D8AC228BC89C001D1157 /* SeatItemCell.m */,
				2711D8AD228BC89C001D1157 /* MicSeatView.h */,
				2711D8AF228BC89C001D1157 /* MicSeatView.m */,
			);
			path = MicSeatView;
			sourceTree = "<group>";
		};
		2711D8B1228BC89C001D1157 /* ChatRoomList */ = {
			isa = PBXGroup;
			children = (
				2711D8BA228BC89C001D1157 /* LoginHelper.h */,
				2711D8B2228BC89C001D1157 /* LoginHelper.m */,
				2711D8B9228BC89C001D1157 /* ChatRoomListViewController.h */,
				2711D8B3228BC89C001D1157 /* ChatRoomListViewController.m */,
				2711D8B4228BC89C001D1157 /* View */,
			);
			path = ChatRoomList;
			sourceTree = "<group>";
		};
		2711D8B4228BC89C001D1157 /* View */ = {
			isa = PBXGroup;
			children = (
				2711D8B5228BC89C001D1157 /* CreateRoomView.h */,
				2711D8B7228BC89C001D1157 /* CreateRoomView.m */,
				2711D8B8228BC89C001D1157 /* ChatRoomListItem.h */,
				2711D8B6228BC89C001D1157 /* ChatRoomListItem.m */,
			);
			path = View;
			sourceTree = "<group>";
		};
		2711D8BB228BC89C001D1157 /* Setting */ = {
			isa = PBXGroup;
			children = (
				2711D8BC228BC89C001D1157 /* BackgroudItem.h */,
				2711D8BF228BC89C001D1157 /* BackgroudItem.m */,
				2711D8BD228BC89C001D1157 /* SettingView.h */,
				2711D8C0228BC89C001D1157 /* SettingView.m */,
				2711D8BE228BC89C001D1157 /* ChangeBgViewController.h */,
				2711D8C1228BC89C001D1157 /* ChangeBgViewController.m */,
			);
			path = Setting;
			sourceTree = "<group>";
		};
		2731BFC12282770000702335 /* HTTP */ = {
			isa = PBXGroup;
			children = (
				2731BFC52282770000702335 /* HTTPResult.h */,
				2731BFC32282770000702335 /* HTTPResult.m */,
				2731BFC42282770000702335 /* HTTPUtility.h */,
				2731BFC22282770000702335 /* HTTPUtility.m */,
			);
			path = HTTP;
			sourceTree = "<group>";
		};
		2731BFC8228278E000702335 /* Sevices */ = {
			isa = PBXGroup;
			children = (
				2731BFD422828FB800702335 /* IM */,
				2731BFCA2282791200702335 /* Classroom */,
				2731BFC92282791200702335 /* RTC */,
			);
			name = Sevices;
			path = SealMic/Sevices;
			sourceTree = SOURCE_ROOT;
		};
		2731BFC92282791200702335 /* RTC */ = {
			isa = PBXGroup;
			children = (
				2731BFF02282B5D600702335 /* RTCService.h */,
				2731BFF12282B5D600702335 /* RTCService.m */,
			);
			path = RTC;
			sourceTree = "<group>";
		};
		2731BFCA2282791200702335 /* Classroom */ = {
			isa = PBXGroup;
			children = (
				2731BFCB2282792D00702335 /* ClassroomService.h */,
				2731BFCC2282792D00702335 /* ClassroomService.m */,
				2731BFE222828FF800702335 /* Model */,
			);
			path = Classroom;
			sourceTree = "<group>";
		};
		2731BFD422828FB800702335 /* IM */ = {
			isa = PBXGroup;
			children = (
				2731BFEE2282909C00702335 /* IMService.h */,
				2731BFED2282909C00702335 /* IMService.m */,
				2731BFD522828FDD00702335 /* Message */,
			);
			path = IM;
			sourceTree = "<group>";
		};
		2731BFD522828FDD00702335 /* Message */ = {
			isa = PBXGroup;
			children = (
				2731BFDC22828FDD00702335 /* RoomBackgroundNotifyMessage.h */,
				2731BFD622828FDD00702335 /* RoomBackgroundNotifyMessage.m */,
				2731BFDB22828FDD00702335 /* MicPositionControlMessage.h */,
				2731BFD722828FDD00702335 /* MicPositionControlMessage.m */,
				2731BFD922828FDD00702335 /* RoomMemberChangedMessage.h */,
				2731BFDD22828FDD00702335 /* RoomMemberChangedMessage.m */,
				2731BFD822828FDD00702335 /* MicPositionChangeMessage.h */,
				2731BFDA22828FDD00702335 /* MicPositionChangeMessage.m */,
				A2722C902282A95600970A05 /* RoomActiveMessage.h */,
				A2722C912282A95600970A05 /* RoomActiveMessage.m */,
				A2722C932282A9B400970A05 /* RoomDestroyMessage.h */,
				A2722C942282A9B400970A05 /* RoomDestroyMessage.m */,
			);
			path = Message;
			sourceTree = "<group>";
		};
		2731BFE222828FF800702335 /* Model */ = {
			isa = PBXGroup;
			children = (
				2731BFE422828FF800702335 /* MicDefine.h */,
				2731BFE322828FF800702335 /* MicPositionInfo.h */,
				2731BFE722828FF800702335 /* MicPositionInfo.m */,
				2731BFE922828FF800702335 /* UserInfo.h */,
				2731BFE522828FF800702335 /* UserInfo.m */,
				2731BFE822828FF800702335 /* RoomInfo.h */,
				2731BFE622828FF800702335 /* RoomInfo.m */,
			);
			path = Model;
			sourceTree = "<group>";
		};
		277E30C522815B3E00BC4073 = {
			isa = PBXGroup;
			children = (
				277E30D022815B3F00BC4073 /* SealMic */,
				277E30CF22815B3F00BC4073 /* Products */,
				6E6146EBFDFCA454407612F3 /* Pods */,
				4A6A08C8E4C90F5AD2B1542F /* Frameworks */,
			);
			sourceTree = "<group>";
		};
		277E30CF22815B3F00BC4073 /* Products */ = {
			isa = PBXGroup;
			children = (
				277E30CE22815B3F00BC4073 /* SealMic.app */,
			);
			name = Products;
			sourceTree = "<group>";
		};
		277E30D022815B3F00BC4073 /* SealMic */ = {
			isa = PBXGroup;
			children = (
				2711D881228BC89C001D1157 /* Sections */,
				2731BFC8228278E000702335 /* Sevices */,
				A2B28C1122818A6E0028F0AD /* Util */,
				A2B28C1222818A9A0028F0AD /* Resource */,
				277E30D122815B3F00BC4073 /* AppDelegate.h */,
				277E30D222815B3F00BC4073 /* AppDelegate.m */,
				277E30DC22815B4200BC4073 /* LaunchScreen.storyboard */,
				277E30DF22815B4200BC4073 /* Info.plist */,
				277E30E022815B4200BC4073 /* main.m */,
			);
			path = SealMic;
			sourceTree = "<group>";
		};
		4A6A08C8E4C90F5AD2B1542F /* Frameworks */ = {
			isa = PBXGroup;
			children = (
				FC287ACDF35EAD5AFD8EEEB7 /* Pods_SealMic.framework */,
			);
			name = Frameworks;
			sourceTree = "<group>";
		};
		6E6146EBFDFCA454407612F3 /* Pods */ = {
			isa = PBXGroup;
			children = (
				66492307BC6C578136A686FA /* Pods-SealMic.debug.xcconfig */,
				25949933A02A0B81A710E92A /* Pods-SealMic.release.xcconfig */,
			);
			path = Pods;
			sourceTree = "<group>";
		};
		A2B28C1122818A6E0028F0AD /* Util */ = {
			isa = PBXGroup;
			children = (
				2731BFC12282770000702335 /* HTTP */,
				A2B28C1F228191B10028F0AD /* SealPCH.pch */,
				A2B28C1B22818B800028F0AD /* Macro.h */,
				2731BFCE22827A0E00702335 /* ErrorCode.h */,
				2744B5E52282D454007B8F3A /* RandomUtil.h */,
				2744B5E42282D454007B8F3A /* RandomUtil.m */,
				A2B28C23228191D80028F0AD /* Category */,
			);
			path = Util;
			sourceTree = "<group>";
		};
		A2B28C1222818A9A0028F0AD /* Resource */ = {
			isa = PBXGroup;
			children = (
				277E30DA22815B4200BC4073 /* Assets.xcassets */,
				A2B28C1922818B340028F0AD /* SealMic.strings */,
				2744B5E92282D73E007B8F3A /* RandomData.plist */,
			);
			path = Resource;
			sourceTree = "<group>";
		};
		A2B28C23228191D80028F0AD /* Category */ = {
			isa = PBXGroup;
			children = (
				A2722CDC2284275E00970A05 /* UIView+MBProgressHUD.h */,
				A2722CDD2284275E00970A05 /* UIView+MBProgressHUD.m */,
				A2B28C21228191D30028F0AD /* UIColor+RCColor.h */,
				A2B28C20228191D30028F0AD /* UIColor+RCColor.m */,
			);
			path = Category;
			sourceTree = "<group>";
		};
/* End PBXGroup section */

/* Begin PBXNativeTarget section */
		277E30CD22815B3F00BC4073 /* SealMic */ = {
			isa = PBXNativeTarget;
			buildConfigurationList = 277E30E422815B4200BC4073 /* Build configuration list for PBXNativeTarget "SealMic" */;
			buildPhases = (
				61A2A6F877433F7C7BF5CC84 /* [CP] Check Pods Manifest.lock */,
				277E30CA22815B3F00BC4073 /* Sources */,
				277E30CB22815B3F00BC4073 /* Frameworks */,
				277E30CC22815B3F00BC4073 /* Resources */,
				A50AE8D9733F68DAE9D198DD /* [CP] Embed Pods Frameworks */,
				D724434CC74056F58E9B2F12 /* [CP] Copy Pods Resources */,
			);
			buildRules = (
			);
			dependencies = (
			);
			name = SealMic;
			productName = SealMic;
			productReference = 277E30CE22815B3F00BC4073 /* SealMic.app */;
			productType = "com.apple.product-type.application";
		};
/* End PBXNativeTarget section */

/* Begin PBXProject section */
		277E30C622815B3E00BC4073 /* Project object */ = {
			isa = PBXProject;
			attributes = {
				LastUpgradeCheck = 1020;
				ORGANIZATIONNAME = RongCloud;
				TargetAttributes = {
					277E30CD22815B3F00BC4073 = {
						CreatedOnToolsVersion = 10.2.1;
					};
				};
			};
			buildConfigurationList = 277E30C922815B3E00BC4073 /* Build configuration list for PBXProject "SealMic" */;
			compatibilityVersion = "Xcode 9.3";
			developmentRegion = en;
			hasScannedForEncodings = 0;
			knownRegions = (
				en,
				Base,
				"zh-Hans",
			);
			mainGroup = 277E30C522815B3E00BC4073;
			productRefGroup = 277E30CF22815B3F00BC4073 /* Products */;
			projectDirPath = "";
			projectRoot = "";
			targets = (
				277E30CD22815B3F00BC4073 /* SealMic */,
			);
		};
/* End PBXProject section */

/* Begin PBXResourcesBuildPhase section */
		277E30CC22815B3F00BC4073 /* Resources */ = {
			isa = PBXResourcesBuildPhase;
			buildActionMask = 2147483647;
			files = (
				277E30DE22815B4200BC4073 /* LaunchScreen.storyboard in Resources */,
				2744B5EA2282D73E007B8F3A /* RandomData.plist in Resources */,
				A2B28C1722818B340028F0AD /* SealMic.strings in Resources */,
				277E30DB22815B4200BC4073 /* Assets.xcassets in Resources */,
			);
			runOnlyForDeploymentPostprocessing = 0;
		};
/* End PBXResourcesBuildPhase section */

/* Begin PBXShellScriptBuildPhase section */
		61A2A6F877433F7C7BF5CC84 /* [CP] Check Pods Manifest.lock */ = {
			isa = PBXShellScriptBuildPhase;
			buildActionMask = 2147483647;
			files = (
			);
			inputFileListPaths = (
			);
			inputPaths = (
				"${PODS_PODFILE_DIR_PATH}/Podfile.lock",
				"${PODS_ROOT}/Manifest.lock",
			);
			name = "[CP] Check Pods Manifest.lock";
			outputFileListPaths = (
			);
			outputPaths = (
				"$(DERIVED_FILE_DIR)/Pods-SealMic-checkManifestLockResult.txt",
			);
			runOnlyForDeploymentPostprocessing = 0;
			shellPath = /bin/sh;
			shellScript = "diff \"${PODS_PODFILE_DIR_PATH}/Podfile.lock\" \"${PODS_ROOT}/Manifest.lock\" > /dev/null\nif [ $? != 0 ] ; then\n    # print error to STDERR\n    echo \"error: The sandbox is not in sync with the Podfile.lock. Run 'pod install' or update your CocoaPods installation.\" >&2\n    exit 1\nfi\n# This output is used by Xcode 'outputs' to avoid re-running this script phase.\necho \"SUCCESS\" > \"${SCRIPT_OUTPUT_FILE_0}\"\n";
			showEnvVarsInLog = 0;
		};
		A50AE8D9733F68DAE9D198DD /* [CP] Embed Pods Frameworks */ = {
			isa = PBXShellScriptBuildPhase;
			buildActionMask = 2147483647;
			files = (
			);
			inputFileListPaths = (
				"${PODS_ROOT}/Target Support Files/Pods-SealMic/Pods-SealMic-frameworks-${CONFIGURATION}-input-files.xcfilelist",
			);
			name = "[CP] Embed Pods Frameworks";
			outputFileListPaths = (
				"${PODS_ROOT}/Target Support Files/Pods-SealMic/Pods-SealMic-frameworks-${CONFIGURATION}-output-files.xcfilelist",
			);
			runOnlyForDeploymentPostprocessing = 0;
			shellPath = /bin/sh;
			shellScript = "\"${PODS_ROOT}/Target Support Files/Pods-SealMic/Pods-SealMic-frameworks.sh\"\n";
			showEnvVarsInLog = 0;
		};
		D724434CC74056F58E9B2F12 /* [CP] Copy Pods Resources */ = {
			isa = PBXShellScriptBuildPhase;
			buildActionMask = 2147483647;
			files = (
			);
			inputFileListPaths = (
				"${PODS_ROOT}/Target Support Files/Pods-SealMic/Pods-SealMic-resources-${CONFIGURATION}-input-files.xcfilelist",
			);
			name = "[CP] Copy Pods Resources";
			outputFileListPaths = (
				"${PODS_ROOT}/Target Support Files/Pods-SealMic/Pods-SealMic-resources-${CONFIGURATION}-output-files.xcfilelist",
			);
			runOnlyForDeploymentPostprocessing = 0;
			shellPath = /bin/sh;
			shellScript = "\"${PODS_ROOT}/Target Support Files/Pods-SealMic/Pods-SealMic-resources.sh\"\n";
			showEnvVarsInLog = 0;
		};
/* End PBXShellScriptBuildPhase section */

/* Begin PBXSourcesBuildPhase section */
		277E30CA22815B3F00BC4073 /* Sources */ = {
			isa = PBXSourcesBuildPhase;
			buildActionMask = 2147483647;
			files = (
				A2B28C22228191D30028F0AD /* UIColor+RCColor.m in Sources */,
				2711D8D5228BC89D001D1157 /* LoginHelper.m in Sources */,
				2744B5E62282D455007B8F3A /* RandomUtil.m in Sources */,
				2711D8CC228BC89D001D1157 /* MessageHelper.m in Sources */,
				2711D8CA228BC89D001D1157 /* MessageBaseCell.m in Sources */,
				2711D8C7228BC89D001D1157 /* TextMessageCell.m in Sources */,
				2731BFC72282770000702335 /* HTTPResult.m in Sources */,
				2711D8D9228BC89D001D1157 /* BackgroudItem.m in Sources */,
				2731BFDF22828FDD00702335 /* MicPositionControlMessage.m in Sources */,
				2711D8C9228BC89D001D1157 /* MessageCell.m in Sources */,
				2711D8C6228BC89D001D1157 /* InputBarControl.m in Sources */,
				2711D8D0228BC89D001D1157 /* MemberCell.m in Sources */,
				2711D8D1228BC89D001D1157 /* MemberListView.m in Sources */,
				2711D8D2228BC89D001D1157 /* AnimationView.m in Sources */,
				2711D8DA228BC89D001D1157 /* SettingView.m in Sources */,
				2711D8CB228BC89D001D1157 /* MessageDataSource.m in Sources */,
				2731BFEA22828FF800702335 /* UserInfo.m in Sources */,
				2731BFEF2282909C00702335 /* IMService.m in Sources */,
				2711D8C2228BC89D001D1157 /* HeaderView.m in Sources */,
				2711D8D3228BC89D001D1157 /* SeatItemCell.m in Sources */,
				2711D8D7228BC89D001D1157 /* ChatRoomListItem.m in Sources */,
				2731BFCD2282792D00702335 /* ClassroomService.m in Sources */,
				2711D8C5228BC89D001D1157 /* InputView.m in Sources */,
				2731BFE122828FDD00702335 /* RoomMemberChangedMessage.m in Sources */,
				2711D8D8228BC89D001D1157 /* CreateRoomView.m in Sources */,
				2731BFEC22828FF800702335 /* MicPositionInfo.m in Sources */,
				A2722CDE2284275E00970A05 /* UIView+MBProgressHUD.m in Sources */,
				2711D8CE228BC89D001D1157 /* ChatAreaView.m in Sources */,
				2711D8CF228BC89D001D1157 /* NaviView.m in Sources */,
				2731BFE022828FDD00702335 /* MicPositionChangeMessage.m in Sources */,
				2731BFC62282770000702335 /* HTTPUtility.m in Sources */,
				2711D8C3228BC89D001D1157 /* ChatRoomController.m in Sources */,
				2731BFF22282B5D600702335 /* RTCService.m in Sources */,
				277E30E122815B4200BC4073 /* main.m in Sources */,
				2731BFEB22828FF800702335 /* RoomInfo.m in Sources */,
				2711D8D4228BC89D001D1157 /* MicSeatView.m in Sources */,
				2711D8DB228BC89D001D1157 /* ChangeBgViewController.m in Sources */,
				A2722C952282A9B400970A05 /* RoomDestroyMessage.m in Sources */,
				A2722C922282A95600970A05 /* RoomActiveMessage.m in Sources */,
				277E30D322815B3F00BC4073 /* AppDelegate.m in Sources */,
				2711D8C8228BC89D001D1157 /* TipMessageCell.m in Sources */,
				2731BFDE22828FDD00702335 /* RoomBackgroundNotifyMessage.m in Sources */,
				2711D8C4228BC89D001D1157 /* ExtensionView.m in Sources */,
				2711D8D6228BC89D001D1157 /* ChatRoomListViewController.m in Sources */,
				2711D8CD228BC89D001D1157 /* MessageModel.m in Sources */,
			);
			runOnlyForDeploymentPostprocessing = 0;
		};
/* End PBXSourcesBuildPhase section */

/* Begin PBXVariantGroup section */
		277E30DC22815B4200BC4073 /* LaunchScreen.storyboard */ = {
			isa = PBXVariantGroup;
			children = (
				277E30DD22815B4200BC4073 /* Base */,
				A2B28C1422818AFD0028F0AD /* zh-Hans */,
			);
			name = LaunchScreen.storyboard;
			sourceTree = "<group>";
		};
		A2B28C1922818B340028F0AD /* SealMic.strings */ = {
			isa = PBXVariantGroup;
			children = (
				A2B28C1822818B340028F0AD /* zh-Hans */,
				A2B28C1A22818B380028F0AD /* en */,
			);
			name = SealMic.strings;
			sourceTree = "<group>";
		};
/* End PBXVariantGroup section */

/* Begin XCBuildConfiguration section */
		277E30E222815B4200BC4073 /* Debug */ = {
			isa = XCBuildConfiguration;
			buildSettings = {
				ALWAYS_SEARCH_USER_PATHS = NO;
				CLANG_ANALYZER_LOCALIZABILITY_NONLOCALIZED = YES;
				CLANG_ANALYZER_NONNULL = YES;
				CLANG_ANALYZER_NUMBER_OBJECT_CONVERSION = YES_AGGRESSIVE;
				CLANG_CXX_LANGUAGE_STANDARD = "gnu++14";
				CLANG_CXX_LIBRARY = "libc++";
				CLANG_ENABLE_MODULES = YES;
				CLANG_ENABLE_OBJC_ARC = YES;
				CLANG_ENABLE_OBJC_WEAK = YES;
				CLANG_WARN_BLOCK_CAPTURE_AUTORELEASING = YES;
				CLANG_WARN_BOOL_CONVERSION = YES;
				CLANG_WARN_COMMA = YES;
				CLANG_WARN_CONSTANT_CONVERSION = YES;
				CLANG_WARN_DEPRECATED_OBJC_IMPLEMENTATIONS = YES;
				CLANG_WARN_DIRECT_OBJC_ISA_USAGE = YES_ERROR;
				CLANG_WARN_DOCUMENTATION_COMMENTS = YES;
				CLANG_WARN_EMPTY_BODY = YES;
				CLANG_WARN_ENUM_CONVERSION = YES;
				CLANG_WARN_INFINITE_RECURSION = YES;
				CLANG_WARN_INT_CONVERSION = YES;
				CLANG_WARN_NON_LITERAL_NULL_CONVERSION = YES;
				CLANG_WARN_OBJC_IMPLICIT_RETAIN_SELF = YES;
				CLANG_WARN_OBJC_LITERAL_CONVERSION = YES;
				CLANG_WARN_OBJC_ROOT_CLASS = YES_ERROR;
				CLANG_WARN_RANGE_LOOP_ANALYSIS = YES;
				CLANG_WARN_STRICT_PROTOTYPES = YES;
				CLANG_WARN_SUSPICIOUS_MOVE = YES;
				CLANG_WARN_UNGUARDED_AVAILABILITY = YES_AGGRESSIVE;
				CLANG_WARN_UNREACHABLE_CODE = YES;
				CLANG_WARN__DUPLICATE_METHOD_MATCH = YES;
				CODE_SIGN_IDENTITY = "iPhone Developer";
				COPY_PHASE_STRIP = NO;
				DEBUG_INFORMATION_FORMAT = dwarf;
				ENABLE_STRICT_OBJC_MSGSEND = YES;
				ENABLE_TESTABILITY = YES;
				GCC_C_LANGUAGE_STANDARD = gnu11;
				GCC_DYNAMIC_NO_PIC = NO;
				GCC_NO_COMMON_BLOCKS = YES;
				GCC_OPTIMIZATION_LEVEL = 0;
				GCC_PREPROCESSOR_DEFINITIONS = (
					"DEBUG=1",
					"$(inherited)",
				);
				GCC_WARN_64_TO_32_BIT_CONVERSION = YES;
				GCC_WARN_ABOUT_RETURN_TYPE = YES_ERROR;
				GCC_WARN_UNDECLARED_SELECTOR = YES;
				GCC_WARN_UNINITIALIZED_AUTOS = YES_AGGRESSIVE;
				GCC_WARN_UNUSED_FUNCTION = YES;
				GCC_WARN_UNUSED_VARIABLE = YES;
				IPHONEOS_DEPLOYMENT_TARGET = 8.0;
				MTL_ENABLE_DEBUG_INFO = INCLUDE_SOURCE;
				MTL_FAST_MATH = YES;
				ONLY_ACTIVE_ARCH = YES;
				SDKROOT = iphoneos;
			};
			name = Debug;
		};
		277E30E322815B4200BC4073 /* Release */ = {
			isa = XCBuildConfiguration;
			buildSettings = {
				ALWAYS_SEARCH_USER_PATHS = NO;
				CLANG_ANALYZER_LOCALIZABILITY_NONLOCALIZED = YES;
				CLANG_ANALYZER_NONNULL = YES;
				CLANG_ANALYZER_NUMBER_OBJECT_CONVERSION = YES_AGGRESSIVE;
				CLANG_CXX_LANGUAGE_STANDARD = "gnu++14";
				CLANG_CXX_LIBRARY = "libc++";
				CLANG_ENABLE_MODULES = YES;
				CLANG_ENABLE_OBJC_ARC = YES;
				CLANG_ENABLE_OBJC_WEAK = YES;
				CLANG_WARN_BLOCK_CAPTURE_AUTORELEASING = YES;
				CLANG_WARN_BOOL_CONVERSION = YES;
				CLANG_WARN_COMMA = YES;
				CLANG_WARN_CONSTANT_CONVERSION = YES;
				CLANG_WARN_DEPRECATED_OBJC_IMPLEMENTATIONS = YES;
				CLANG_WARN_DIRECT_OBJC_ISA_USAGE = YES_ERROR;
				CLANG_WARN_DOCUMENTATION_COMMENTS = YES;
				CLANG_WARN_EMPTY_BODY = YES;
				CLANG_WARN_ENUM_CONVERSION = YES;
				CLANG_WARN_INFINITE_RECURSION = YES;
				CLANG_WARN_INT_CONVERSION = YES;
				CLANG_WARN_NON_LITERAL_NULL_CONVERSION = YES;
				CLANG_WARN_OBJC_IMPLICIT_RETAIN_SELF = YES;
				CLANG_WARN_OBJC_LITERAL_CONVERSION = YES;
				CLANG_WARN_OBJC_ROOT_CLASS = YES_ERROR;
				CLANG_WARN_RANGE_LOOP_ANALYSIS = YES;
				CLANG_WARN_STRICT_PROTOTYPES = YES;
				CLANG_WARN_SUSPICIOUS_MOVE = YES;
				CLANG_WARN_UNGUARDED_AVAILABILITY = YES_AGGRESSIVE;
				CLANG_WARN_UNREACHABLE_CODE = YES;
				CLANG_WARN__DUPLICATE_METHOD_MATCH = YES;
				CODE_SIGN_IDENTITY = "iPhone Developer";
				COPY_PHASE_STRIP = NO;
				DEBUG_INFORMATION_FORMAT = "dwarf-with-dsym";
				ENABLE_NS_ASSERTIONS = NO;
				ENABLE_STRICT_OBJC_MSGSEND = YES;
				GCC_C_LANGUAGE_STANDARD = gnu11;
				GCC_NO_COMMON_BLOCKS = YES;
				GCC_WARN_64_TO_32_BIT_CONVERSION = YES;
				GCC_WARN_ABOUT_RETURN_TYPE = YES_ERROR;
				GCC_WARN_UNDECLARED_SELECTOR = YES;
				GCC_WARN_UNINITIALIZED_AUTOS = YES_AGGRESSIVE;
				GCC_WARN_UNUSED_FUNCTION = YES;
				GCC_WARN_UNUSED_VARIABLE = YES;
				IPHONEOS_DEPLOYMENT_TARGET = 8.0;
				MTL_ENABLE_DEBUG_INFO = NO;
				MTL_FAST_MATH = YES;
				SDKROOT = iphoneos;
				VALIDATE_PRODUCT = YES;
			};
			name = Release;
		};
		277E30E522815B4200BC4073 /* Debug */ = {
			isa = XCBuildConfiguration;
			baseConfigurationReference = 66492307BC6C578136A686FA /* Pods-SealMic.debug.xcconfig */;
			buildSettings = {
				ASSETCATALOG_COMPILER_APPICON_NAME = AppIcon;
				CODE_SIGN_STYLE = Automatic;
				DEVELOPMENT_TEAM = 9CVMN4UZK4;
				ENABLE_BITCODE = NO;
				GCC_PRECOMPILE_PREFIX_HEADER = YES;
				GCC_PREFIX_HEADER = SealMic/Util/SealPCH.pch;
				INFOPLIST_FILE = SealMic/Info.plist;
				IPHONEOS_DEPLOYMENT_TARGET = 8.0;
				LD_RUNPATH_SEARCH_PATHS = (
					"$(inherited)",
					"@executable_path/Frameworks",
				);
				PRODUCT_BUNDLE_IDENTIFIER = cn.rongcloud.sealmic;
				PRODUCT_NAME = "$(TARGET_NAME)";
				TARGETED_DEVICE_FAMILY = "1,2";
			};
			name = Debug;
		};
		277E30E622815B4200BC4073 /* Release */ = {
			isa = XCBuildConfiguration;
			baseConfigurationReference = 25949933A02A0B81A710E92A /* Pods-SealMic.release.xcconfig */;
			buildSettings = {
				ASSETCATALOG_COMPILER_APPICON_NAME = AppIcon;
				CODE_SIGN_STYLE = Automatic;
				DEVELOPMENT_TEAM = 9CVMN4UZK4;
				ENABLE_BITCODE = NO;
				GCC_PRECOMPILE_PREFIX_HEADER = YES;
				GCC_PREFIX_HEADER = SealMic/Util/SealPCH.pch;
				INFOPLIST_FILE = SealMic/Info.plist;
				IPHONEOS_DEPLOYMENT_TARGET = 8.0;
				LD_RUNPATH_SEARCH_PATHS = (
					"$(inherited)",
					"@executable_path/Frameworks",
				);
				PRODUCT_BUNDLE_IDENTIFIER = cn.rongcloud.sealmic;
				PRODUCT_NAME = "$(TARGET_NAME)";
				TARGETED_DEVICE_FAMILY = "1,2";
			};
			name = Release;
		};
/* End XCBuildConfiguration section */

/* Begin XCConfigurationList section */
		277E30C922815B3E00BC4073 /* Build configuration list for PBXProject "SealMic" */ = {
			isa = XCConfigurationList;
			buildConfigurations = (
				277E30E222815B4200BC4073 /* Debug */,
				277E30E322815B4200BC4073 /* Release */,
			);
			defaultConfigurationIsVisible = 0;
			defaultConfigurationName = Release;
		};
		277E30E422815B4200BC4073 /* Build configuration list for PBXNativeTarget "SealMic" */ = {
			isa = XCConfigurationList;
			buildConfigurations = (
				277E30E522815B4200BC4073 /* Debug */,
				277E30E622815B4200BC4073 /* Release */,
			);
			defaultConfigurationIsVisible = 0;
			defaultConfigurationName = Release;
		};
/* End XCConfigurationList section */
	};
	rootObject = 277E30C622815B3E00BC4073 /* Project object */;
}
